
Microsoft Visual Studio Solution File, Format Version 12.00
# Visual Studio Version 16
VisualStudioVersion = 16.0.31624.102
MinimumVisualStudioVersion = 10.0.40219.1
Project("{FAE04EC0-301F-11D3-BF4B-00C04F79EFBC}") = "GoogleMapsTests", "GoogleMapsTests\GoogleMapsTests.csproj", "{486AB62B-96F4-4A1D-962A-E06A3DCE1D48}"
EndProject
Global
	GlobalSection(SolutionConfigurationPlatforms) = preSolution
		Debug|Any CPU = Debug|Any CPU
		Release|Any CPU = Release|Any CPU
	EndGlobalSection
	GlobalSection(ProjectConfigurationPlatforms) = postSolution
		{486AB62B-96F4-4A1D-962A-E06A3DCE1D48}.Debug|Any CPU.ActiveCfg = Debug|Any CPU
		{486AB62B-96F4-4A1D-962A-E06A3DCE1D48}.Debug|Any CPU.Build.0 = Debug|Any CPU
		{486AB62B-96F4-4A1D-962A-E06A3DCE1D48}.Release|Any CPU.ActiveCfg = Release|Any CPU
		{486AB62B-96F4-4A1D-962A-E06A3DCE1D48}.Release|Any CPU.Build.0 = Release|Any CPU
	EndGlobalSection
	GlobalSection(SolutionProperties) = preSolution
		HideSolutionNode = FALSE
	EndGlobalSection
	GlobalSection(ExtensibilityGlobals) = postSolution
		SolutionGuid = {12F40B7A-57F3-4CDE-B13B-1D00B608C657}
	EndGlobalSection
EndGlobal
